# THIS IS AN AUTOGENERATED FILE. DO NOT EDIT THIS FILE DIRECTLY.
# yarn lockfile v1


fs@luapower/fs:
  version "0.0.0"
  resolved "https://codeload.github.com/luapower/fs/tar.gz/f3681f4d49a4ee74aa99b068a980d1c5d202a0ae"

path-parse@^1.0.6:
  version "1.0.6"
  resolved "https://registry.yarnpkg.com/path-parse/-/path-parse-1.0.6.tgz#d62dbb5679405d72c4737ec58600e9ddcf06d24c"
  integrity sha512-GSmOT2EbHrINBf9SR7CDELwlJ8AENk3Qn7OikK4nFYAu3Ote2+JYNVvkpAEQm3/TLNEJFD/xZJjzyxg3KBWOzw==

path@luapower/path:
  version "0.0.0"
  resolved "https://codeload.github.com/luapower/path/tar.gz/5bda8698327c671878f587f24fa60354df652ef2"

resolve@^1.15.1:
  version "1.17.0"
  resolved "https://registry.yarnpkg.com/resolve/-/resolve-1.17.0.tgz#b25941b54968231cc2d1bb76a79cb7f2c0bf8444"
  integrity sha512-ic+7JYiV8Vi2yzQGFWOkiZD5Z9z7O2Zhm9XMaTxdJExKasieFCr+yXZ/WmXsckHiKl12ar0y6XiXDx3m4RHn1w==
  dependencies:
    path-parse "^1.0.6"

source-map@^0.7.3:
  version "0.7.3"
  resolved "https://registry.yarnpkg.com/source-map/-/source-map-0.7.3.tgz#5302f8169031735226544092e64981f751750383"
  integrity sha512-CkCj6giN3S+n9qrYiBTX5gystlENnRW5jZeNLHpe6aue+SrHcG5VYwujhW9s4dY31mEGsxBDrHR6oI69fTXsaQ==

typescript-to-lua@^0.35.0:
  version "0.35.0"
  resolved "https://registry.yarnpkg.com/typescript-to-lua/-/typescript-to-lua-0.35.0.tgz#abe468401ff7679abbd267c4faecfeef81bf0857"
  integrity sha512-r79LfK1nWauFO4SR7q7pMCYjwW412Z17yx1WKp00SnVmYNwbm4fB/TsJuZe5jLtpZxAuGG8nVqtJEAsU5d1Bhg==
  dependencies:
    resolve "^1.15.1"
    source-map "^0.7.3"
    typescript "^3.9.2"

typescript@4.0.3, typescript@^3.9.2:
  version "4.0.3"
  resolved "https://registry.yarnpkg.com/typescript/-/typescript-4.0.3.tgz#153bbd468ef07725c1df9c77e8b453f8d36abba5"
  integrity sha512-tEu6DGxGgRJPb/mVPIZ48e69xCn2yRmCgYmDugAVwmJ6o+0u1RI18eO7E7WBTLYLaEVVOhwQmcdhQHweux/WPg==
